{
    "_meta": {
        "hash": {
            "sha256": "2dd1e498e02548fca112c504623d8e83c0c6653b6bdba86bb68cbbf826bec325"
        },
        "pipfile-spec": 6,
        "requires": {
            "python_version": "3.7"
        },
        "sources": [
            {
                "name": "pypi",
                "url": "https://pypi.org/simple",
                "verify_ssl": true
            }
        ]
    },
    "default": {
        "aiohttp": {
            "hashes": [
                "sha256:0b795072bb1bf87b8620120a6373a3c61bfcb8da7e5c2377f4bb23ff4f0b62c9",
                "sha256:0d438c8ca703b1b714e82ed5b7a4412c82577040dadff479c08405e2a715564f",
                "sha256:16a3cb5df5c56f696234ea9e65e227d1ebe9c18aa774d36ff42f532139066a5f",
                "sha256:1edfd82a98c5161497bbb111b2b70c0813102ad7e0aa81cbeb34e64c93863005",
                "sha256:2406dc1dda01c7f6060ab586e4601f18affb7a6b965c50a8c90ff07569cf782a",
                "sha256:2858b2504c8697beb9357be01dc47ef86438cc1cb36ecb6991796d19475faa3e",
                "sha256:2a7b7640167ab536c3cb90cfc3977c7094f1c5890d7eeede8b273c175c3910fd",
                "sha256:3228b7a51e3ed533f5472f54f70fd0b0a64c48dc1649a0f0e809bec312934d7a",
                "sha256:328b552513d4f95b0a2eea4c8573e112866107227661834652a8984766aa7656",
                "sha256:39f4b0a6ae22a1c567cb0630c30dd082481f95c13ca528dc501a7766b9c718c0",
                "sha256:3b0036c978cbcc4a4512278e98e3e6d9e6b834dc973206162eddf98b586ef1c6",
                "sha256:3ea8c252d8df5e9166bcf3d9edced2af132f4ead8ac422eac723c5781063709a",
                "sha256:41608c0acbe0899c852281978492f9ce2c6fbfaf60aff0cefc54a7c4516b822c",
                "sha256:59d11674964b74a81b149d4ceaff2b674b3b0e4d0f10f0be1533e49c4a28408b",
                "sha256:5e479df4b2d0f8f02133b7e4430098699450e1b2a826438af6bec9a400530957",
                "sha256:684850fb1e3e55c9220aad007f8386d8e3e477c4ec9211ae54d968ecdca8c6f9",
                "sha256:6ccc43d68b81c424e46192a778f97da94ee0630337c9bbe5b2ecc9b0c1c59001",
                "sha256:6d42debaf55450643146fabe4b6817bb2a55b23698b0434107e892a43117285e",
                "sha256:710376bf67d8ff4500a31d0c207b8941ff4fba5de6890a701d71680474fe2a60",
                "sha256:756ae7efddd68d4ea7d89c636b703e14a0c686688d42f588b90778a3c2fc0564",
                "sha256:77149002d9386fae303a4a162e6bce75cc2161347ad2ba06c2f0182561875d45",
                "sha256:78e2f18a82b88cbc37d22365cf8d2b879a492faedb3f2975adb4ed8dfe994d3a",
                "sha256:7d9b42127a6c0bdcc25c3dcf252bb3ddc70454fac593b1b6933ae091396deb13",
                "sha256:8389d6044ee4e2037dca83e3f6994738550f6ee8cfb746762283fad9b932868f",
                "sha256:9c1a81af067e72261c9cbe33ea792893e83bc6aa987bfbd6fdc1e5e7b22777c4",
                "sha256:c1e0920909d916d3375c7a1fdb0b1c78e46170e8bb42792312b6eb6676b2f87f",
                "sha256:c68fdf21c6f3573ae19c7ee65f9ff185649a060c9a06535e9c3a0ee0bbac9235",
                "sha256:c733ef3bdcfe52a1a75564389bad4064352274036e7e234730526d155f04d914",
                "sha256:c9c58b0b84055d8bc27b7df5a9d141df4ee6ff59821f922dd73155861282f6a3",
                "sha256:d03abec50df423b026a5aa09656bd9d37f1e6a49271f123f31f9b8aed5dc3ea3",
                "sha256:d2cfac21e31e841d60dc28c0ec7d4ec47a35c608cb8906435d47ef83ffb22150",
                "sha256:dcc119db14757b0c7bce64042158307b9b1c76471e655751a61b57f5a0e4d78e",
                "sha256:df3a7b258cc230a65245167a202dd07320a5af05f3d41da1488ba0fa05bc9347",
                "sha256:df48a623c58180874d7407b4d9ec06a19b84ed47f60a3884345b1a5099c1818b",
                "sha256:e1b95972a0ae3f248a899cdbac92ba2e01d731225f566569311043ce2226f5e7",
                "sha256:f326b3c1bbfda5b9308252ee0dcb30b612ee92b0e105d4abec70335fab5b1245",
                "sha256:f411cb22115cb15452d099fec0ee636b06cf81bfb40ed9c02d30c8dc2bc2e3d1"
            ],
            "markers": "python_version >= '3.6'",
            "version": "==3.7.3"
        },
        "aiohttp-cors": {
            "hashes": [
                "sha256:0451ba59fdf6909d0e2cd21e4c0a43752bc0703d33fc78ae94d9d9321710193e",
                "sha256:4d39c6d7100fd9764ed1caf8cebf0eb01bf5e3f24e2e073fda6234bc48b19f5d"
            ],
            "version": "==0.7.0"
        },
        "aiokafka": {
            "hashes": [
                "sha256:0585b34fc53d35bbf26e0a54f0c5d5d0653042b43a769f55df550398c512a172",
                "sha256:0664dabab3afebc9a39d80a41e4438de21b59f90fac5796038e5776013188938",
                "sha256:09a0747b96da6d3add0b2f271d4aaabd67c0d2113883430c003596017e8a61fc",
                "sha256:1c390e146cb340bbb722c22ef01993ba66d61c37e3d0fe996559a2bebcf53bbb",
                "sha256:1c46e8299cb3e1dceedc86af3b46adc5ac6af3ca16e48881443cd59859b95b9b",
                "sha256:21cf243a218104ba696dc60cf37e5c773ac2087fb06f3adf012a2a4c9b093c82",
                "sha256:29033fd6007a433d4a1c24504aa8a9b846249ff44691e47964d7892b91236d2f",
                "sha256:2a33397136336b9c33269c8f82c210732a697504121cb67afc09a03ef27372ab",
                "sha256:2a4bf3a7afc6406cb37c153256c35629c1d69caf63e4a3b5b1c3863d97a17b74",
                "sha256:2d5ca0e1467985c7f7e28b73e557575c413a53bbbedc11a97d74d6beeccca000",
                "sha256:48dac32e19f596514f0e3fc0a75079cbeaddb4c196696fd7da8c5a27f163dfac",
                "sha256:50502f434837f604b3d13180cef7f051195fc38c8970e55ea694c64bf41e2e11",
                "sha256:505dc8dd23f18c01cdc0467df6890f2622ffdd570b66be23c748d4560362cfc2",
                "sha256:53ffa97d993867e8dfa62984331af6aa28ce18bdfea410655f0d3fd888cac39a",
                "sha256:6c76a7bb5d69215dc64bf6c6f646f34f5b7e5c4771e49a1d71922f43d69dd3da",
                "sha256:75c63ef46759d5c1cdb0d152c27c042419d84ac8b15b244c1d6d630cf367758b",
                "sha256:776674fbbbc7941b7b6860a1bd501eaf62a173ae4d54d3842aa8c0e551a61388",
                "sha256:7a9182e82baec5a7c6e0b6b94ec603a6f740659e0fd1045c1d61eff15395f8b7",
                "sha256:7e2f875454f4822fb4701cd45cd4a295f57f9f0695836cb0a3a382ea2ed94b22",
                "sha256:8cd5380e1a9356f802988e4f52b2cd255819d82f11655ad86d6cd319b177f48e",
                "sha256:915456fc9b7fd2f2f19fb3734b1135aef68aac98a7847bf404a3ea49402696fc",
                "sha256:94b26b766329e309d302b54e20b80022d8ba554674044ed85bc6ef89a84b6560",
                "sha256:9a165f7c21eea37f2345f97ae52d1231399c66e7640a40087813ff50309cc89d",
                "sha256:9a77c3315640ae94010b38c46a4df9c54e8f29d3f8d706ff398b35754cdb23c5",
                "sha256:a5b994e848ae3cafe49976cb499deff68a548d5c9df2b1bfd3d17d674a006e8e",
                "sha256:af871da87a3a8b0a2788ae2c5f37f2208e3e5372b6e0e6df09851f370844619f",
                "sha256:bf8db67400f9706ba84dcb0082ee1292095dff87e4ac074092e69403fc6e563a",
                "sha256:efc39946efb2640e0ca46828d8631fa62bd23edfd8f40ee4075e5f0c9bb655d6",
                "sha256:fbedafff654fefb2bdfa0eb5109b8eda19881baa87804a30ff97c1ea2c12eda2"
            ],
            "version": "==0.7.0"
        },
        "async-timeout": {
            "hashes": [
                "sha256:0c3c816a028d47f659d6ff5c745cb2acf1f966da1fe5c19c77a70282b25f4c5f",
                "sha256:4291ca197d287d274d0b6cb5d6f8f8f82d434ed288f962539ff18cc9012f9ea3"
            ],
            "markers": "python_full_version >= '3.5.3'",
            "version": "==3.0.1"
        },
        "attrs": {
            "hashes": [
                "sha256:31b2eced602aa8423c2aea9c76a724617ed67cf9513173fd3a4f03e3a929c7e6",
                "sha256:832aa3cde19744e49938b91fea06d69ecb9e649c93ba974535d08ad92164f700"
            ],
            "markers": "python_version >= '2.7' and python_version not in '3.0, 3.1, 3.2, 3.3'",
            "version": "==20.3.0"
        },
        "chardet": {
            "hashes": [
                "sha256:84ab92ed1c4d4f16916e05906b6b75a6c0fb5db821cc65e70cbd64a3e2a5eaae",
                "sha256:fc323ffcaeaed0e0a02bf4d117757b98aed530d9ed4531e3e15460124c106691"
            ],
            "version": "==3.0.4"
        },
        "click": {
            "hashes": [
                "sha256:d2b5255c7c6349bc1bd1e59e08cd12acbbd63ce649f2588755783aa94dfb6b1a",
                "sha256:dacca89f4bfadd5de3d7489b7c8a566eee0d3676333fbb50030263894c38c0dc"
            ],
            "markers": "python_version >= '2.7' and python_version not in '3.0, 3.1, 3.2, 3.3, 3.4'",
            "version": "==7.1.2"
        },
        "colorclass": {
            "hashes": [
                "sha256:b05c2a348dfc1aff2d502527d78a5b7b7e2f85da94a96c5081210d8e9ee8e18b"
            ],
            "version": "==2.2.0"
        },
        "colorlog": {
            "hashes": [
                "sha256:0a9dcdba6cab68e8a768448b418a858d73c52b37b6e8dea2568296faece393bd",
                "sha256:18d05b616438a75762d7d214b9ec3b05d274466c9f3ddd92807e755840c88251"
            ],
            "version": "==4.7.2"
        },
        "croniter": {
            "hashes": [
                "sha256:12f9fd52e7cfb623d0788956d137a3de26e5583a25820fa7710fb6b58d32b213",
                "sha256:588d9740725bebbe8dd78abd409c92d19153f55155a28b5b21a2472e80c52ba7"
            ],
            "markers": "python_version >= '2.6' and python_version not in '3.0, 3.1, 3.2, 3.3'",
            "version": "==1.0.2"
        },
        "faust-streaming": {
            "hashes": [
                "sha256:cfb751464ef80e566f640685c8f966e3586f53dc18c9f8983b39a02adab4a89a"
            ],
            "index": "pypi",
            "version": "==0.4.5"
        },
        "idna": {
            "hashes": [
                "sha256:5205d03e7bcbb919cc9c19885f9920d622ca52448306f2377daede5cf3faac16",
                "sha256:c5b02147e01ea9920e6b0a3f1f7bb833612d507592c837a6c49552768f4054e1"
            ],
            "markers": "python_version >= '3.4'",
            "version": "==3.1"
        },
        "kafka-python": {
            "hashes": [
                "sha256:04dfe7fea2b63726cd6f3e79a2d86e709d608d74406638c5da33a01d45a9d7e3",
                "sha256:2d92418c7cb1c298fa6c7f0fb3519b520d0d7526ac6cb7ae2a4fc65a51a94b6e"
            ],
            "version": "==2.0.2"
        },
        "loguru": {
            "hashes": [
                "sha256:b28e72ac7a98be3d28ad28570299a393dfcd32e5e3f6a353dec94675767b6319",
                "sha256:f8087ac396b5ee5f67c963b495d615ebbceac2796379599820e324419d53667c"
            ],
            "index": "pypi",
            "version": "==0.5.3"
        },
        "mode-streaming": {
            "hashes": [
                "sha256:3637284b15fbfd8e3d3f565aa2cdfb3630d1eb1e2655b6f96135b0c9c9738c2d",
                "sha256:7a50b9f313bb560f06c021a2caf73ac47654a317086ce52c3b16111cd1df07b4"
            ],
            "markers": "python_version ~= '3.6'",
            "version": "==0.1.0"
        },
        "multidict": {
            "hashes": [
                "sha256:018132dbd8688c7a69ad89c4a3f39ea2f9f33302ebe567a879da8f4ca73f0d0a",
                "sha256:051012ccee979b2b06be928a6150d237aec75dd6bf2d1eeeb190baf2b05abc93",
                "sha256:05c20b68e512166fddba59a918773ba002fdd77800cad9f55b59790030bab632",
                "sha256:07b42215124aedecc6083f1ce6b7e5ec5b50047afa701f3442054373a6deb656",
                "sha256:0e3c84e6c67eba89c2dbcee08504ba8644ab4284863452450520dad8f1e89b79",
                "sha256:0e929169f9c090dae0646a011c8b058e5e5fb391466016b39d21745b48817fd7",
                "sha256:1ab820665e67373de5802acae069a6a05567ae234ddb129f31d290fc3d1aa56d",
                "sha256:25b4e5f22d3a37ddf3effc0710ba692cfc792c2b9edfb9c05aefe823256e84d5",
                "sha256:2e68965192c4ea61fff1b81c14ff712fc7dc15d2bd120602e4a3494ea6584224",
                "sha256:2f1a132f1c88724674271d636e6b7351477c27722f2ed789f719f9e3545a3d26",
                "sha256:37e5438e1c78931df5d3c0c78ae049092877e5e9c02dd1ff5abb9cf27a5914ea",
                "sha256:3a041b76d13706b7fff23b9fc83117c7b8fe8d5fe9e6be45eee72b9baa75f348",
                "sha256:3a4f32116f8f72ecf2a29dabfb27b23ab7cdc0ba807e8459e59a93a9be9506f6",
                "sha256:46c73e09ad374a6d876c599f2328161bcd95e280f84d2060cf57991dec5cfe76",
                "sha256:46dd362c2f045095c920162e9307de5ffd0a1bfbba0a6e990b344366f55a30c1",
                "sha256:4b186eb7d6ae7c06eb4392411189469e6a820da81447f46c0072a41c748ab73f",
                "sha256:54fd1e83a184e19c598d5e70ba508196fd0bbdd676ce159feb412a4a6664f952",
                "sha256:585fd452dd7782130d112f7ddf3473ffdd521414674c33876187e101b588738a",
                "sha256:5cf3443199b83ed9e955f511b5b241fd3ae004e3cb81c58ec10f4fe47c7dce37",
                "sha256:6a4d5ce640e37b0efcc8441caeea8f43a06addace2335bd11151bc02d2ee31f9",
                "sha256:7df80d07818b385f3129180369079bd6934cf70469f99daaebfac89dca288359",
                "sha256:806068d4f86cb06af37cd65821554f98240a19ce646d3cd24e1c33587f313eb8",
                "sha256:830f57206cc96ed0ccf68304141fec9481a096c4d2e2831f311bde1c404401da",
                "sha256:929006d3c2d923788ba153ad0de8ed2e5ed39fdbe8e7be21e2f22ed06c6783d3",
                "sha256:9436dc58c123f07b230383083855593550c4d301d2532045a17ccf6eca505f6d",
                "sha256:9dd6e9b1a913d096ac95d0399bd737e00f2af1e1594a787e00f7975778c8b2bf",
                "sha256:ace010325c787c378afd7f7c1ac66b26313b3344628652eacd149bdd23c68841",
                "sha256:b47a43177a5e65b771b80db71e7be76c0ba23cc8aa73eeeb089ed5219cdbe27d",
                "sha256:b797515be8743b771aa868f83563f789bbd4b236659ba52243b735d80b29ed93",
                "sha256:b7993704f1a4b204e71debe6095150d43b2ee6150fa4f44d6d966ec356a8d61f",
                "sha256:d5c65bdf4484872c4af3150aeebe101ba560dcfb34488d9a8ff8dbcd21079647",
                "sha256:d81eddcb12d608cc08081fa88d046c78afb1bf8107e6feab5d43503fea74a635",
                "sha256:dc862056f76443a0db4509116c5cd480fe1b6a2d45512a653f9a855cc0517456",
                "sha256:ecc771ab628ea281517e24fd2c52e8f31c41e66652d07599ad8818abaad38cda",
                "sha256:f200755768dc19c6f4e2b672421e0ebb3dd54c38d5a4f262b872d8cfcc9e93b5",
                "sha256:f21756997ad8ef815d8ef3d34edd98804ab5ea337feedcd62fb52d22bf531281",
                "sha256:fc13a9524bc18b6fb6e0dbec3533ba0496bbed167c56d0aabefd965584557d80"
            ],
            "markers": "python_version >= '3.6'",
            "version": "==5.1.0"
        },
        "mypy-extensions": {
            "hashes": [
                "sha256:090fedd75945a69ae91ce1303b5824f428daf5a028d2f6ab8a299250a846f15d",
                "sha256:2d82818f5bb3e369420cb3c4060a7970edba416647068eb4c5343488a6c604a8"
            ],
            "version": "==0.4.3"
        },
        "natsort": {
            "hashes": [
                "sha256:00c603a42365830c4722a2eb7663a25919551217ec09a243d3399fa8dd4ac403",
                "sha256:d0f4fc06ca163fa4a5ef638d9bf111c67f65eedcc7920f98dec08e489045b67e"
            ],
            "markers": "python_version >= '3.4'",
            "version": "==7.1.1"
        },
        "opentracing": {
            "hashes": [
                "sha256:a173117e6ef580d55874734d1fa7ecb6f3655160b8b8974a2a1e98e5ec9c840d"
            ],
            "version": "==2.4.0"
        },
        "python-dateutil": {
            "hashes": [
                "sha256:73ebfe9dbf22e832286dafa60473e4cd239f8592f699aa5adaf10050e6e1823c",
                "sha256:75bb3f31ea686f1197762692a9ee6a7550b59fc6ca3a1f4b5d7e32fb98e2da2a"
            ],
            "markers": "python_version >= '2.7' and python_version not in '3.0, 3.1, 3.2, 3.3'",
            "version": "==2.8.1"
        },
        "six": {
            "hashes": [
                "sha256:30639c035cdb23534cd4aa2dd52c3bf48f06e5f4a941509c8bafd8ce11080259",
                "sha256:8b74bedcbbbaca38ff6d7491d76f2b06b3592611af620f8426e82dddb04a5ced"
            ],
            "markers": "python_version >= '2.7' and python_version not in '3.0, 3.1, 3.2, 3.3'",
            "version": "==1.15.0"
        },
        "terminaltables": {
            "hashes": [
                "sha256:f3eb0eb92e3833972ac36796293ca0906e998dc3be91fbe1f8615b331b853b81"
            ],
            "version": "==3.1.0"
        },
        "typing-extensions": {
            "hashes": [
                "sha256:7cb407020f00f7bfc3cb3e7881628838e69d8f3fcab2f64742a5e76b2f841918",
                "sha256:99d4073b617d30288f569d3f13d2bd7548c3a7e4c8de87db09a9d29bb3a4a60c",
                "sha256:dafc7639cde7f1b6e1acc0f457842a83e722ccca8eef5270af2d74792619a89f"
            ],
            "markers": "python_version < '3.8'",
            "version": "==3.7.4.3"
        },
        "venusian": {
            "hashes": [
                "sha256:06e7385786ad3a15c70740b2af8d30dfb063a946a851dcb4159f9e2a2302578f",
                "sha256:f6842b7242b1039c0c28f6feef29016e7e7dd3caaeb476a193acf737db31ee38"
            ],
            "markers": "python_version >= '3.5'",
            "version": "==3.0.0"
        },
        "yarl": {
            "hashes": [
                "sha256:00d7ad91b6583602eb9c1d085a2cf281ada267e9a197e8b7cae487dadbfa293e",
                "sha256:0355a701b3998dcd832d0dc47cc5dedf3874f966ac7f870e0f3a6788d802d434",
                "sha256:15263c3b0b47968c1d90daa89f21fcc889bb4b1aac5555580d74565de6836366",
                "sha256:2ce4c621d21326a4a5500c25031e102af589edb50c09b321049e388b3934eec3",
                "sha256:31ede6e8c4329fb81c86706ba8f6bf661a924b53ba191b27aa5fcee5714d18ec",
                "sha256:324ba3d3c6fee56e2e0b0d09bf5c73824b9f08234339d2b788af65e60040c959",
                "sha256:329412812ecfc94a57cd37c9d547579510a9e83c516bc069470db5f75684629e",
                "sha256:4736eaee5626db8d9cda9eb5282028cc834e2aeb194e0d8b50217d707e98bb5c",
                "sha256:4953fb0b4fdb7e08b2f3b3be80a00d28c5c8a2056bb066169de00e6501b986b6",
                "sha256:4c5bcfc3ed226bf6419f7a33982fb4b8ec2e45785a0561eb99274ebbf09fdd6a",
                "sha256:547f7665ad50fa8563150ed079f8e805e63dd85def6674c97efd78eed6c224a6",
                "sha256:5b883e458058f8d6099e4420f0cc2567989032b5f34b271c0827de9f1079a424",
                "sha256:63f90b20ca654b3ecc7a8d62c03ffa46999595f0167d6450fa8383bab252987e",
                "sha256:68dc568889b1c13f1e4745c96b931cc94fdd0defe92a72c2b8ce01091b22e35f",
                "sha256:69ee97c71fee1f63d04c945f56d5d726483c4762845400a6795a3b75d56b6c50",
                "sha256:6d6283d8e0631b617edf0fd726353cb76630b83a089a40933043894e7f6721e2",
                "sha256:72a660bdd24497e3e84f5519e57a9ee9220b6f3ac4d45056961bf22838ce20cc",
                "sha256:73494d5b71099ae8cb8754f1df131c11d433b387efab7b51849e7e1e851f07a4",
                "sha256:7356644cbed76119d0b6bd32ffba704d30d747e0c217109d7979a7bc36c4d970",
                "sha256:8a9066529240171b68893d60dca86a763eae2139dd42f42106b03cf4b426bf10",
                "sha256:8aa3decd5e0e852dc68335abf5478a518b41bf2ab2f330fe44916399efedfae0",
                "sha256:97b5bdc450d63c3ba30a127d018b866ea94e65655efaf889ebeabc20f7d12406",
                "sha256:9ede61b0854e267fd565e7527e2f2eb3ef8858b301319be0604177690e1a3896",
                "sha256:b2e9a456c121e26d13c29251f8267541bd75e6a1ccf9e859179701c36a078643",
                "sha256:b5dfc9a40c198334f4f3f55880ecf910adebdcb2a0b9a9c23c9345faa9185721",
                "sha256:bafb450deef6861815ed579c7a6113a879a6ef58aed4c3a4be54400ae8871478",
                "sha256:c49ff66d479d38ab863c50f7bb27dee97c6627c5fe60697de15529da9c3de724",
                "sha256:ce3beb46a72d9f2190f9e1027886bfc513702d748047b548b05dab7dfb584d2e",
                "sha256:d26608cf178efb8faa5ff0f2d2e77c208f471c5a3709e577a7b3fd0445703ac8",
                "sha256:d597767fcd2c3dc49d6eea360c458b65643d1e4dbed91361cf5e36e53c1f8c96",
                "sha256:d5c32c82990e4ac4d8150fd7652b972216b204de4e83a122546dce571c1bdf25",
                "sha256:d8d07d102f17b68966e2de0e07bfd6e139c7c02ef06d3a0f8d2f0f055e13bb76",
                "sha256:e46fba844f4895b36f4c398c5af062a9808d1f26b2999c58909517384d5deda2",
                "sha256:e6b5460dc5ad42ad2b36cca524491dfcaffbfd9c8df50508bddc354e787b8dc2",
                "sha256:f040bcc6725c821a4c0665f3aa96a4d0805a7aaf2caf266d256b8ed71b9f041c",
                "sha256:f0b059678fd549c66b89bed03efcabb009075bd131c248ecdf087bdb6faba24a",
                "sha256:fcbb48a93e8699eae920f8d92f7160c03567b421bc17362a9ffbbd706a816f71"
            ],
            "markers": "python_version >= '3.6'",
            "version": "==1.6.3"
        }
    },
    "develop": {
        "asynctest": {
            "hashes": [
                "sha256:5da6118a7e6d6b54d83a8f7197769d046922a44d2a99c21382f0a6e4fadae676",
                "sha256:c27862842d15d83e6a34eb0b2866c323880eb3a75e4485b079ea11748fd77fac"
            ],
            "index": "pypi",
            "version": "==0.13.0"
        },
        "attrs": {
            "hashes": [
                "sha256:31b2eced602aa8423c2aea9c76a724617ed67cf9513173fd3a4f03e3a929c7e6",
                "sha256:832aa3cde19744e49938b91fea06d69ecb9e649c93ba974535d08ad92164f700"
            ],
            "markers": "python_version >= '2.7' and python_version not in '3.0, 3.1, 3.2, 3.3'",
            "version": "==20.3.0"
        },
        "behave": {
            "hashes": [
                "sha256:b9662327aa53294c1351b0a9c369093ccec1d21026f050c3bd9b3e5cccf81a86",
                "sha256:ebda1a6c9e5bfe95c5f9f0a2794e01c7098b3dde86c10a95d8621c5907ff6f1c"
            ],
            "index": "pypi",
            "version": "==1.2.6"
        },
        "confluent-kafka": {
            "hashes": [
                "sha256:00acc73f7d49961bf427f5e4fd6c0a220a6bfa5ccc91e0ad1f9ffa1751a169b0",
                "sha256:0a59afbb90bdd22b9acdd3bb134f5ee1dff3cc5df55eaf52bf97b2f8d0d00de3",
                "sha256:13b0e2011560f461ff39daf38089dd7f91404b3e66dba0456ccce0700f93c4f2",
                "sha256:175c7064c8f19975616974558c45f42c147a202d4b1c0b0a83afefb920367696",
                "sha256:22d7201d1aa89f1c5546749e781492925ed3eb0d7bd8f781fc57294cd45ddde3",
                "sha256:3034cacc3b0d03eb3ce39cc5a64c1070d223870246f5d90c9113996be9db7df8",
                "sha256:3e2d4f55ca952aeada3831d6615dc13a8a42c8e97175855ca08bbc6e6091b080",
                "sha256:5a1c47320d6afc5b2599f8f8e143aed6845a2d903facde984606e02f10f11221",
                "sha256:7b03bd9cc7b5e4df0a27eed359762c61a35313d4981ef1d9b418069eee454e66",
                "sha256:85ff4823770ce2efaabb46d88e5ae26a840e0051fd481abaa805f21a5a84d003",
                "sha256:9534cd2c0313df75b70eb4cf729382998970d97bbdda5cf3aef7081b855ccebe",
                "sha256:99b13d0957a5967c85aee6138ef5f9acec90294267a549c5683744f20cf5d7b4",
                "sha256:9a1c77291c1ac4b991aa0358f2f44636686eb8f52fb628502d30c312160a14e9",
                "sha256:9ac812006000887f76c95b8a33a9f0b65845bf072fbc54a42a1acffd34e41120",
                "sha256:9c47b8aacfe347bffd86bf75b98626718912b63df87f256dff1abc06a0355410",
                "sha256:a116382ae67e0d6a54684bab4ee9b1be54e789d031a6e5e74c3edc657c79d23c",
                "sha256:b1c89f3653385acc5da71570e03281f35ac6960367f2b2a426ae431deb1a1a35",
                "sha256:bb77276d569f511abe4a5b32a53f8a30285bc7be68219e5711a44720bf356ac2",
                "sha256:bbd9633552840ab9367fb762ea21272759db8caec2c34ff16ee28be177644cdf",
                "sha256:bfdfa81e4e72d2c24e408a5e199aae0a477499ae40647dfa6906d002d9b07f38",
                "sha256:c7461d6db081c23a6d38ceba348e7c178d7e974cf22c45ba8a4918ecb8855a44",
                "sha256:d6a5d4c72360a75e875e88f7cce42b66a786d037ca2002303ab1c580d49caf53",
                "sha256:dabed41cc60d1fc6d3cb44a90fe02e5192c9bf0f73c7b35761981e62ecabc592",
                "sha256:dd544847c713eeeb525031348ff6ffea4ecdd11c13590893e599a9d4676a9bd4",
                "sha256:eba169a9de8c978c9f33c763857c5279eceac46a4fd55a381c2528b9d4b3359e",
                "sha256:f2d1ee0bfdf618017bbfaa42406546155c1a86263e4f286295318578c723803b"
            ],
            "index": "pypi",
            "version": "==1.5.0"
        },
        "flake8": {
            "hashes": [
                "sha256:749dbbd6bfd0cf1318af27bf97a14e28e5ff548ef8e5b1566ccfb25a11e7c839",
                "sha256:aadae8761ec651813c24be05c6f7b4680857ef6afaae4651a4eccaef97ce6c3b"
            ],
            "index": "pypi",
            "version": "==3.8.4"
        },
        "importlib-metadata": {
            "hashes": [
                "sha256:ace61d5fc652dc280e7b6b4ff732a9c2d40db2c0f92bc6cb74e07b73d53a1771",
                "sha256:fa5daa4477a7414ae34e95942e4dd07f62adf589143c875c133c1e53c4eff38d"
            ],
            "markers": "python_version < '3.8'",
            "version": "==3.4.0"
        },
        "iniconfig": {
            "hashes": [
                "sha256:011e24c64b7f47f6ebd835bb12a743f2fbe9a26d4cecaa7f53bc4f35ee9da8b3",
                "sha256:bc3af051d7d14b2ee5ef9969666def0cd1a000e121eaea580d4a313df4b37f32"
            ],
            "version": "==1.1.1"
        },
        "mccabe": {
            "hashes": [
                "sha256:ab8a6258860da4b6677da4bd2fe5dc2c659cff31b3ee4f7f5d64e79735b80d42",
                "sha256:dd8d182285a0fe56bace7f45b5e7d1a6ebcbf524e8f3bd87eb0f125271b8831f"
            ],
            "version": "==0.6.1"
        },
        "packaging": {
            "hashes": [
                "sha256:24e0da08660a87484d1602c30bb4902d74816b6985b93de36926f5bc95741858",
                "sha256:78598185a7008a470d64526a8059de9aaa449238f280fc9eb6b13ba6c4109093"
            ],
            "markers": "python_version >= '2.7' and python_version not in '3.0, 3.1, 3.2, 3.3'",
            "version": "==20.8"
        },
        "parse": {
            "hashes": [
                "sha256:9ff82852bcb65d139813e2a5197627a94966245c897796760a3a2a8eb66f020b"
            ],
            "version": "==1.19.0"
        },
        "parse-type": {
            "hashes": [
                "sha256:089a471b06327103865dfec2dd844230c3c658a4a1b5b4c8b6c16c8f77577f9e",
                "sha256:7f690b18d35048c15438d6d0571f9045cffbec5907e0b1ccf006f889e3a38c0b"
            ],
            "markers": "python_version >= '2.6' and python_version not in '3.0, 3.1, 3.2, 3.3'",
            "version": "==0.5.2"
        },
        "pluggy": {
            "hashes": [
                "sha256:15b2acde666561e1298d71b523007ed7364de07029219b604cf808bfa1c765b0",
                "sha256:966c145cd83c96502c3c3868f50408687b38434af77734af1e9ca461a4081d2d"
            ],
            "markers": "python_version >= '2.7' and python_version not in '3.0, 3.1, 3.2, 3.3'",
            "version": "==0.13.1"
        },
        "py": {
            "hashes": [
                "sha256:21b81bda15b66ef5e1a777a21c4dcd9c20ad3efd0b3f817e7a809035269e1bd3",
                "sha256:3b80836aa6d1feeaa108e046da6423ab8f6ceda6468545ae8d02d9d58d18818a"
            ],
            "markers": "python_version >= '2.7' and python_version not in '3.0, 3.1, 3.2, 3.3'",
            "version": "==1.10.0"
        },
        "pycodestyle": {
            "hashes": [
                "sha256:2295e7b2f6b5bd100585ebcb1f616591b652db8a741695b3d8f5d28bdc934367",
                "sha256:c58a7d2815e0e8d7972bf1803331fb0152f867bd89adf8a01dfd55085434192e"
            ],
            "markers": "python_version >= '2.7' and python_version not in '3.0, 3.1, 3.2, 3.3'",
            "version": "==2.6.0"
        },
        "pyflakes": {
            "hashes": [
                "sha256:0d94e0e05a19e57a99444b6ddcf9a6eb2e5c68d3ca1e98e90707af8152c90a92",
                "sha256:35b2d75ee967ea93b55750aa9edbbf72813e06a66ba54438df2cfac9e3c27fc8"
            ],
            "markers": "python_version >= '2.7' and python_version not in '3.0, 3.1, 3.2, 3.3'",
            "version": "==2.2.0"
        },
        "pyparsing": {
            "hashes": [
                "sha256:c203ec8783bf771a155b207279b9bccb8dea02d8f0c9e5f8ead507bc3246ecc1",
                "sha256:ef9d7589ef3c200abe66653d3f1ab1033c3c419ae9b9bdb1240a85b024efc88b"
            ],
            "markers": "python_version >= '2.6' and python_version not in '3.0, 3.1, 3.2, 3.3'",
            "version": "==2.4.7"
        },
        "pytest": {
            "hashes": [
                "sha256:9d1edf9e7d0b84d72ea3dbcdfd22b35fb543a5e8f2a60092dd578936bf63d7f9",
                "sha256:b574b57423e818210672e07ca1fa90aaf194a4f63f3ab909a2c67ebb22913839"
            ],
            "index": "pypi",
            "version": "==6.2.2"
        },
        "pytest-asyncio": {
            "hashes": [
                "sha256:2eae1e34f6c68fc0a9dc12d4bea190483843ff4708d24277c41568d6b6044f1d",
                "sha256:9882c0c6b24429449f5f969a5158b528f39bde47dc32e85b9f0403965017e700"
            ],
            "index": "pypi",
            "version": "==0.14.0"
        },
        "six": {
            "hashes": [
                "sha256:30639c035cdb23534cd4aa2dd52c3bf48f06e5f4a941509c8bafd8ce11080259",
                "sha256:8b74bedcbbbaca38ff6d7491d76f2b06b3592611af620f8426e82dddb04a5ced"
            ],
            "markers": "python_version >= '2.7' and python_version not in '3.0, 3.1, 3.2, 3.3'",
            "version": "==1.15.0"
        },
        "toml": {
            "hashes": [
                "sha256:806143ae5bfb6a3c6e736a764057db0e6a0e05e338b5630894a5f779cabb4f9b",
                "sha256:b3bda1d108d5dd99f4a20d24d9c348e91c4db7ab1b749200bded2f839ccbe68f"
            ],
            "markers": "python_version >= '2.6' and python_version not in '3.0, 3.1, 3.2, 3.3'",
            "version": "==0.10.2"
        },
        "typing-extensions": {
            "hashes": [
                "sha256:7cb407020f00f7bfc3cb3e7881628838e69d8f3fcab2f64742a5e76b2f841918",
                "sha256:99d4073b617d30288f569d3f13d2bd7548c3a7e4c8de87db09a9d29bb3a4a60c",
                "sha256:dafc7639cde7f1b6e1acc0f457842a83e722ccca8eef5270af2d74792619a89f"
            ],
            "markers": "python_version < '3.8'",
            "version": "==3.7.4.3"
        },
        "zipp": {
            "hashes": [
                "sha256:102c24ef8f171fd729d46599845e95c7ab894a4cf45f5de11a44cc7444fb1108",
                "sha256:ed5eee1974372595f9e416cc7bbeeb12335201d8081ca8a0743c954d4446e5cb"
            ],
            "markers": "python_version >= '3.6'",
            "version": "==3.4.0"
        }
    }
}
